
Microsoft Visual Studio Solution File, Format Version 12.00
# Visual Studio Version 16
VisualStudioVersion = 16.0.32228.343
MinimumVisualStudioVersion = 10.0.40219.1
Project("{FAE04EC0-301F-11D3-BF4B-00C04F79EFBC}") = "Car_warkshop", "Car_warkshop\Car_warkshop.csproj", "{87FEADFA-CA9D-4264-B188-04472C502895}"
EndProject
Global
	GlobalSection(SolutionConfigurationPlatforms) = preSolution
		Debug|Any CPU = Debug|Any CPU
		Release|Any CPU = Release|Any CPU
	EndGlobalSection
	GlobalSection(ProjectConfigurationPlatforms) = postSolution
		{87FEADFA-CA9D-4264-B188-04472C502895}.Debug|Any CPU.ActiveCfg = Debug|Any CPU
		{87FEADFA-CA9D-4264-B188-04472C502895}.Debug|Any CPU.Build.0 = Debug|Any CPU
		{87FEADFA-CA9D-4264-B188-04472C502895}.Release|Any CPU.ActiveCfg = Release|Any CPU
		{87FEADFA-CA9D-4264-B188-04472C502895}.Release|Any CPU.Build.0 = Release|Any CPU
	EndGlobalSection
	GlobalSection(SolutionProperties) = preSolution
		HideSolutionNode = FALSE
	EndGlobalSection
	GlobalSection(ExtensibilityGlobals) = postSolution
		SolutionGuid = {C6646321-FC59-40C7-AFE0-6E46721C2B79}
	EndGlobalSection
EndGlobal
